
Microsoft Visual Studio Solution File, Format Version 12.00
# Visual Studio Version 17
VisualStudioVersion = 17.10.35027.167
MinimumVisualStudioVersion = 10.0.40219.1
Project("{FAE04EC0-301F-11D3-BF4B-00C04F79EFBC}") = "SignalR_ChatRoom_Demo_1", "SignalR_ChatRoom_Demo_1\SignalR_ChatRoom_Demo_1.csproj", "{332274DB-2BFB-490D-912C-0C0EB771D509}"
EndProject
Global
	GlobalSection(SolutionConfigurationPlatforms) = preSolution
		Debug|Any CPU = Debug|Any CPU
		Release|Any CPU = Release|Any CPU
	EndGlobalSection
	GlobalSection(ProjectConfigurationPlatforms) = postSolution
		{332274DB-2BFB-490D-912C-0C0EB771D509}.Debug|Any CPU.ActiveCfg = Debug|Any CPU
		{332274DB-2BFB-490D-912C-0C0EB771D509}.Debug|Any CPU.Build.0 = Debug|Any CPU
		{332274DB-2BFB-490D-912C-0C0EB771D509}.Release|Any CPU.ActiveCfg = Release|Any CPU
		{332274DB-2BFB-490D-912C-0C0EB771D509}.Release|Any CPU.Build.0 = Release|Any CPU
	EndGlobalSection
	GlobalSection(SolutionProperties) = preSolution
		HideSolutionNode = FALSE
	EndGlobalSection
	GlobalSection(ExtensibilityGlobals) = postSolution
		SolutionGuid = {397DBC93-227B-458C-8271-941DFA3AB72F}
	EndGlobalSection
EndGlobal
